
Microsoft Visual Studio Solution File, Format Version 12.00
# Visual Studio Version 16
VisualStudioVersion = 16.0.32802.440
MinimumVisualStudioVersion = 10.0.40219.1
Project("{FAE04EC0-301F-11D3-BF4B-00C04F79EFBC}") = "RP_YOLO", "RP_YOLO\RP_YOLO.csproj", "{0330237F-FDC8-4778-8813-D643B68BC5F8}"
EndProject
Project("{FAE04EC0-301F-11D3-BF4B-00C04F79EFBC}") = "RPSoft_Core", "\\DESKTOP-F6ANS67\RobotPhoenix\华勤上位机\Codes\华勤上位机\RPPCHMI_Core\RPSoft_Core.csproj", "{CDB0D35B-0A6D-42AC-8422-EB4CEFD1C7A7}"
EndProject
Global
	GlobalSection(SolutionConfigurationPlatforms) = preSolution
		Debug|Any CPU = Debug|Any CPU
		Release|Any CPU = Release|Any CPU
	EndGlobalSection
	GlobalSection(ProjectConfigurationPlatforms) = postSolution
		{0330237F-FDC8-4778-8813-D643B68BC5F8}.Debug|Any CPU.ActiveCfg = Debug|Any CPU
		{0330237F-FDC8-4778-8813-D643B68BC5F8}.Debug|Any CPU.Build.0 = Debug|Any CPU
		{0330237F-FDC8-4778-8813-D643B68BC5F8}.Release|Any CPU.ActiveCfg = Release|Any CPU
		{0330237F-FDC8-4778-8813-D643B68BC5F8}.Release|Any CPU.Build.0 = Release|Any CPU
		{CDB0D35B-0A6D-42AC-8422-EB4CEFD1C7A7}.Debug|Any CPU.ActiveCfg = Debug|Any CPU
		{CDB0D35B-0A6D-42AC-8422-EB4CEFD1C7A7}.Debug|Any CPU.Build.0 = Debug|Any CPU
		{CDB0D35B-0A6D-42AC-8422-EB4CEFD1C7A7}.Release|Any CPU.ActiveCfg = Release|Any CPU
		{CDB0D35B-0A6D-42AC-8422-EB4CEFD1C7A7}.Release|Any CPU.Build.0 = Release|Any CPU
	EndGlobalSection
	GlobalSection(SolutionProperties) = preSolution
		HideSolutionNode = FALSE
	EndGlobalSection
	GlobalSection(ExtensibilityGlobals) = postSolution
		SolutionGuid = {73A7EA56-E89C-4D16-9344-473A40AEB56C}
	EndGlobalSection
EndGlobal
